
Microsoft Visual Studio Solution File, Format Version 12.00
# Visual Studio Version 17
VisualStudioVersion = 17.14.36623.8
MinimumVisualStudioVersion = 10.0.40219.1
Project("{FAE04EC0-301F-11D3-BF4B-00C04F79EFBC}") = "ConsoleApp1", "ConsoleApp1\ConsoleApp1.csproj", "{B86D7A92-FD76-4641-925F-A3984BDAB47E}"
EndProject
Project("{FAE04EC0-301F-11D3-BF4B-00C04F79EFBC}") = "Olá", "Olá\Olá.csproj", "{286BE6DF-06F7-4D35-B370-7082FC66DD4D}"
EndProject
Global
	GlobalSection(SolutionConfigurationPlatforms) = preSolution
		Debug|Any CPU = Debug|Any CPU
		Release|Any CPU = Release|Any CPU
	EndGlobalSection
	GlobalSection(ProjectConfigurationPlatforms) = postSolution
		{B86D7A92-FD76-4641-925F-A3984BDAB47E}.Debug|Any CPU.ActiveCfg = Debug|Any CPU
		{B86D7A92-FD76-4641-925F-A3984BDAB47E}.Debug|Any CPU.Build.0 = Debug|Any CPU
		{B86D7A92-FD76-4641-925F-A3984BDAB47E}.Release|Any CPU.ActiveCfg = Release|Any CPU
		{B86D7A92-FD76-4641-925F-A3984BDAB47E}.Release|Any CPU.Build.0 = Release|Any CPU
		{286BE6DF-06F7-4D35-B370-7082FC66DD4D}.Debug|Any CPU.ActiveCfg = Debug|Any CPU
		{286BE6DF-06F7-4D35-B370-7082FC66DD4D}.Debug|Any CPU.Build.0 = Debug|Any CPU
		{286BE6DF-06F7-4D35-B370-7082FC66DD4D}.Release|Any CPU.ActiveCfg = Release|Any CPU
		{286BE6DF-06F7-4D35-B370-7082FC66DD4D}.Release|Any CPU.Build.0 = Release|Any CPU
	EndGlobalSection
	GlobalSection(SolutionProperties) = preSolution
		HideSolutionNode = FALSE
	EndGlobalSection
	GlobalSection(ExtensibilityGlobals) = postSolution
		SolutionGuid = {BC067D56-E0AA-44DC-92F5-3BD74BF773E3}
	EndGlobalSection
EndGlobal
